// !$*UTF8*$!
{
	archiveVersion = 1;
	classes = {
	};
	objectVersion = 46;
	objects = {

/* Begin PBXBuildFile section */
		935E3C091D7E46CE00CDC028 /* Cluster.cpp in Sources */ = {isa = PBXBuildFile; fileRef = 935E3BFE1D7E46CE00CDC028 /* Cluster.cpp */; };
		935E3C0A1D7E46CE00CDC028 /* Clustering.cpp in Sources */ = {isa = PBXBuildFile; fileRef = 935E3C001D7E46CE00CDC028 /* Clustering.cpp */; };
		935E3C0B1D7E46CE00CDC028 /* ClusterUtils.cpp in Sources */ = {isa = PBXBuildFile; fileRef = 935E3C021D7E46CE00CDC028 /* ClusterUtils.cpp */; };
		935E3C0C1D7E46CE00CDC028 /* main.cpp in Sources */ = {isa = PBXBuildFile; fileRef = 935E3C051D7E46CE00CDC028 /* main.cpp */; };
		935E3C0D1D7E46CE00CDC028 /* Sample.cpp in Sources */ = {isa = PBXBuildFile; fileRef = 935E3C061D7E46CE00CDC028 /* Sample.cpp */; };
/* End PBXBuildFile section */

/* Begin PBXCopyFilesBuildPhase section */
		935E3BF01D7E46AC00CDC028 /* CopyFiles */ = {
			isa = PBXCopyFilesBuildPhase;
			buildActionMask = 2147483647;
			dstPath = /usr/share/man/man1/;
			dstSubfolderSpec = 0;
			files = (
			);
			runOnlyForDeploymentPostprocessing = 1;
		};
/* End PBXCopyFilesBuildPhase section */

/* Begin PBXFileReference section */
		935E3BF21D7E46AC00CDC028 /* Agglomerative_Clustering */ = {isa = PBXFileReference; explicitFileType = "compiled.mach-o.executable"; includeInIndex = 0; path = Agglomerative_Clustering; sourceTree = BUILT_PRODUCTS_DIR; };
		935E3BFE1D7E46CE00CDC028 /* Cluster.cpp */ = {isa = PBXFileReference; fileEncoding = 4; lastKnownFileType = sourcecode.cpp.cpp; name = Cluster.cpp; path = ../../cpp/Cluster.cpp; sourceTree = "<group>"; };
		935E3BFF1D7E46CE00CDC028 /* Cluster.hpp */ = {isa = PBXFileReference; fileEncoding = 4; lastKnownFileType = sourcecode.cpp.h; name = Cluster.hpp; path = ../../cpp/Cluster.hpp; sourceTree = "<group>"; };
		935E3C001D7E46CE00CDC028 /* Clustering.cpp */ = {isa = PBXFileReference; fileEncoding = 4; lastKnownFileType = sourcecode.cpp.cpp; name = Clustering.cpp; path = ../../cpp/Clustering.cpp; sourceTree = "<group>"; };
		935E3C011D7E46CE00CDC028 /* Clustering.hpp */ = {isa = PBXFileReference; fileEncoding = 4; lastKnownFileType = sourcecode.cpp.h; name = Clustering.hpp; path = ../../cpp/Clustering.hpp; sourceTree = "<group>"; };
		935E3C021D7E46CE00CDC028 /* ClusterUtils.cpp */ = {isa = PBXFileReference; fileEncoding = 4; lastKnownFileType = sourcecode.cpp.cpp; name = ClusterUtils.cpp; path = ../../cpp/ClusterUtils.cpp; sourceTree = "<group>"; };
		935E3C031D7E46CE00CDC028 /* ClusterUtils.hpp */ = {isa = PBXFileReference; fileEncoding = 4; lastKnownFileType = sourcecode.cpp.h; name = ClusterUtils.hpp; path = ../../cpp/ClusterUtils.hpp; sourceTree = "<group>"; };
		935E3C041D7E46CE00CDC028 /* cxxopts.hpp */ = {isa = PBXFileReference; fileEncoding = 4; lastKnownFileType = sourcecode.cpp.h; name = cxxopts.hpp; path = ../../cpp/cxxopts.hpp; sourceTree = "<group>"; };
		935E3C051D7E46CE00CDC028 /* main.cpp */ = {isa = PBXFileReference; fileEncoding = 4; lastKnownFileType = sourcecode.cpp.cpp; name = main.cpp; path = ../../cpp/main.cpp; sourceTree = "<group>"; };
		935E3C061D7E46CE00CDC028 /* Sample.cpp */ = {isa = PBXFileReference; fileEncoding = 4; lastKnownFileType = sourcecode.cpp.cpp; name = Sample.cpp; path = ../../cpp/Sample.cpp; sourceTree = "<group>"; };
		935E3C071D7E46CE00CDC028 /* Sample.hpp */ = {isa = PBXFileReference; fileEncoding = 4; lastKnownFileType = sourcecode.cpp.h; name = Sample.hpp; path = ../../cpp/Sample.hpp; sourceTree = "<group>"; };
/* End PBXFileReference section */

/* Begin PBXFrameworksBuildPhase section */
		935E3BEF1D7E46AC00CDC028 /* Frameworks */ = {
			isa = PBXFrameworksBuildPhase;
			buildActionMask = 2147483647;
			files = (
			);
			runOnlyForDeploymentPostprocessing = 0;
		};
/* End PBXFrameworksBuildPhase section */

/* Begin PBXGroup section */
		935E3BE91D7E46AC00CDC028 = {
			isa = PBXGroup;
			children = (
				935E3BF41D7E46AC00CDC028 /* Agglomerative_Clustering */,
				935E3BF31D7E46AC00CDC028 /* Products */,
			);
			sourceTree = "<group>";
		};
		935E3BF31D7E46AC00CDC028 /* Products */ = {
			isa = PBXGroup;
			children = (
				935E3BF21D7E46AC00CDC028 /* Agglomerative_Clustering */,
			);
			name = Products;
			sourceTree = "<group>";
		};
		935E3BF41D7E46AC00CDC028 /* Agglomerative_Clustering */ = {
			isa = PBXGroup;
			children = (
				935E3BFE1D7E46CE00CDC028 /* Cluster.cpp */,
				935E3BFF1D7E46CE00CDC028 /* Cluster.hpp */,
				935E3C001D7E46CE00CDC028 /* Clustering.cpp */,
				935E3C011D7E46CE00CDC028 /* Clustering.hpp */,
				935E3C021D7E46CE00CDC028 /* ClusterUtils.cpp */,
				935E3C031D7E46CE00CDC028 /* ClusterUtils.hpp */,
				935E3C041D7E46CE00CDC028 /* cxxopts.hpp */,
				935E3C051D7E46CE00CDC028 /* main.cpp */,
				935E3C061D7E46CE00CDC028 /* Sample.cpp */,
				935E3C071D7E46CE00CDC028 /* Sample.hpp */,
			);
			path = Agglomerative_Clustering;
			sourceTree = "<group>";
		};
/* End PBXGroup section */

/* Begin PBXNativeTarget section */
		935E3BF11D7E46AC00CDC028 /* Agglomerative_Clustering */ = {
			isa = PBXNativeTarget;
			buildConfigurationList = 935E3BF91D7E46AC00CDC028 /* Build configuration list for PBXNativeTarget "Agglomerative_Clustering" */;
			buildPhases = (
				935E3BEE1D7E46AC00CDC028 /* Sources */,
				935E3BEF1D7E46AC00CDC028 /* Frameworks */,
				935E3BF01D7E46AC00CDC028 /* CopyFiles */,
			);
			buildRules = (
			);
			dependencies = (
			);
			name = Agglomerative_Clustering;
			productName = Agglomerative_Clustering;
			productReference = 935E3BF21D7E46AC00CDC028 /* Agglomerative_Clustering */;
			productType = "com.apple.product-type.tool";
		};
/* End PBXNativeTarget section */

/* Begin PBXProject section */
		935E3BEA1D7E46AC00CDC028 /* Project object */ = {
			isa = PBXProject;
			attributes = {
				LastUpgradeCheck = 0730;
				ORGANIZATIONNAME = "SMILE Lab";
				TargetAttributes = {
					935E3BF11D7E46AC00CDC028 = {
						CreatedOnToolsVersion = 7.3.1;
					};
				};
			};
			buildConfigurationList = 935E3BED1D7E46AC00CDC028 /* Build configuration list for PBXProject "Agglomerative_Clustering" */;
			compatibilityVersion = "Xcode 3.2";
			developmentRegion = English;
			hasScannedForEncodings = 0;
			knownRegions = (
				en,
			);
			mainGroup = 935E3BE91D7E46AC00CDC028;
			productRefGroup = 935E3BF31D7E46AC00CDC028 /* Products */;
			projectDirPath = "";
			projectRoot = "";
			targets = (
				935E3BF11D7E46AC00CDC028 /* Agglomerative_Clustering */,
			);
		};
/* End PBXProject section */

/* Begin PBXSourcesBuildPhase section */
		935E3BEE1D7E46AC00CDC028 /* Sources */ = {
			isa = PBXSourcesBuildPhase;
			buildActionMask = 2147483647;
			files = (
				935E3C0B1D7E46CE00CDC028 /* ClusterUtils.cpp in Sources */,
				935E3C0A1D7E46CE00CDC028 /* Clustering.cpp in Sources */,
				935E3C091D7E46CE00CDC028 /* Cluster.cpp in Sources */,
				935E3C0D1D7E46CE00CDC028 /* Sample.cpp in Sources */,
				935E3C0C1D7E46CE00CDC028 /* main.cpp in Sources */,
			);
			runOnlyForDeploymentPostprocessing = 0;
		};
/* End PBXSourcesBuildPhase section */

/* Begin XCBuildConfiguration section */
		935E3BF71D7E46AC00CDC028 /* Debug */ = {
			isa = XCBuildConfiguration;
			buildSettings = {
				ALWAYS_SEARCH_USER_PATHS = NO;
				CLANG_ANALYZER_NONNULL = YES;
				CLANG_CXX_LANGUAGE_STANDARD = "gnu++0x";
				CLANG_CXX_LIBRARY = "libc++";
				CLANG_ENABLE_MODULES = YES;
				CLANG_ENABLE_OBJC_ARC = YES;
				CLANG_WARN_BOOL_CONVERSION = YES;
				CLANG_WARN_CONSTANT_CONVERSION = YES;
				CLANG_WARN_DIRECT_OBJC_ISA_USAGE = YES_ERROR;
				CLANG_WARN_EMPTY_BODY = YES;
				CLANG_WARN_ENUM_CONVERSION = YES;
				CLANG_WARN_INT_CONVERSION = YES;
				CLANG_WARN_OBJC_ROOT_CLASS = YES_ERROR;
				CLANG_WARN_UNREACHABLE_CODE = YES;
				CLANG_WARN__DUPLICATE_METHOD_MATCH = YES;
				CODE_SIGN_IDENTITY = "-";
				COPY_PHASE_STRIP = NO;
				DEBUG_INFORMATION_FORMAT = dwarf;
				ENABLE_STRICT_OBJC_MSGSEND = YES;
				ENABLE_TESTABILITY = YES;
				GCC_C_LANGUAGE_STANDARD = gnu99;
				GCC_DYNAMIC_NO_PIC = NO;
				GCC_NO_COMMON_BLOCKS = YES;
				GCC_OPTIMIZATION_LEVEL = 0;
				GCC_PREPROCESSOR_DEFINITIONS = (
					"DEBUG=1",
					"$(inherited)",
				);
				GCC_WARN_64_TO_32_BIT_CONVERSION = YES;
				GCC_WARN_ABOUT_RETURN_TYPE = YES_ERROR;
				GCC_WARN_UNDECLARED_SELECTOR = YES;
				GCC_WARN_UNINITIALIZED_AUTOS = YES_AGGRESSIVE;
				GCC_WARN_UNUSED_FUNCTION = YES;
				GCC_WARN_UNUSED_VARIABLE = YES;
				MACOSX_DEPLOYMENT_TARGET = 10.11;
				MTL_ENABLE_DEBUG_INFO = YES;
				ONLY_ACTIVE_ARCH = YES;
				SDKROOT = macosx;
			};
			name = Debug;
		};
		935E3BF81D7E46AC00CDC028 /* Release */ = {
			isa = XCBuildConfiguration;
			buildSettings = {
				ALWAYS_SEARCH_USER_PATHS = NO;
				CLANG_ANALYZER_NONNULL = YES;
				CLANG_CXX_LANGUAGE_STANDARD = "gnu++0x";
				CLANG_CXX_LIBRARY = "libc++";
				CLANG_ENABLE_MODULES = YES;
				CLANG_ENABLE_OBJC_ARC = YES;
				CLANG_WARN_BOOL_CONVERSION = YES;
				CLANG_WARN_CONSTANT_CONVERSION = YES;
				CLANG_WARN_DIRECT_OBJC_ISA_USAGE = YES_ERROR;
				CLANG_WARN_EMPTY_BODY = YES;
				CLANG_WARN_ENUM_CONVERSION = YES;
				CLANG_WARN_INT_CONVERSION = YES;
				CLANG_WARN_OBJC_ROOT_CLASS = YES_ERROR;
				CLANG_WARN_UNREACHABLE_CODE = YES;
				CLANG_WARN__DUPLICATE_METHOD_MATCH = YES;
				CODE_SIGN_IDENTITY = "-";
				COPY_PHASE_STRIP = NO;
				DEBUG_INFORMATION_FORMAT = "dwarf-with-dsym";
				ENABLE_NS_ASSERTIONS = NO;
				ENABLE_STRICT_OBJC_MSGSEND = YES;
				GCC_C_LANGUAGE_STANDARD = gnu99;
				GCC_NO_COMMON_BLOCKS = YES;
				GCC_WARN_64_TO_32_BIT_CONVERSION = YES;
				GCC_WARN_ABOUT_RETURN_TYPE = YES_ERROR;
				GCC_WARN_UNDECLARED_SELECTOR = YES;
				GCC_WARN_UNINITIALIZED_AUTOS = YES_AGGRESSIVE;
				GCC_WARN_UNUSED_FUNCTION = YES;
				GCC_WARN_UNUSED_VARIABLE = YES;
				MACOSX_DEPLOYMENT_TARGET = 10.11;
				MTL_ENABLE_DEBUG_INFO = NO;
				SDKROOT = macosx;
			};
			name = Release;
		};
		935E3BFA1D7E46AC00CDC028 /* Debug */ = {
			isa = XCBuildConfiguration;
			buildSettings = {
				HEADER_SEARCH_PATHS = /usr/local/include;
				LIBRARY_SEARCH_PATHS = /usr/local/lib;
				OTHER_LDFLAGS = (
					"-lopencv_calib3d",
					"-lopencv_core",
					"-lopencv_features2d",
					"-lopencv_flann",
					"-lopencv_highgui",
					"-lopencv_imgproc",
					"-lopencv_ml",
					"-lopencv_objdetect",
					"-lopencv_photo",
					"-lopencv_stitching",
					"-lopencv_superres",
					"-lopencv_ts",
					"-lopencv_video",
					"-lopencv_videostab",
				);
				PRODUCT_NAME = "$(TARGET_NAME)";
			};
			name = Debug;
		};
		935E3BFB1D7E46AC00CDC028 /* Release */ = {
			isa = XCBuildConfiguration;
			buildSettings = {
				HEADER_SEARCH_PATHS = /usr/local/include;
				LIBRARY_SEARCH_PATHS = /usr/local/lib;
				OTHER_LDFLAGS = (
					"-lopencv_calib3d",
					"-lopencv_core",
					"-lopencv_features2d",
					"-lopencv_flann",
					"-lopencv_highgui",
					"-lopencv_imgproc",
					"-lopencv_ml",
					"-lopencv_objdetect",
					"-lopencv_photo",
					"-lopencv_stitching",
					"-lopencv_superres",
					"-lopencv_ts",
					"-lopencv_video",
					"-lopencv_videostab",
				);
				PRODUCT_NAME = "$(TARGET_NAME)";
			};
			name = Release;
		};
/* End XCBuildConfiguration section */

/* Begin XCConfigurationList section */
		935E3BED1D7E46AC00CDC028 /* Build configuration list for PBXProject "Agglomerative_Clustering" */ = {
			isa = XCConfigurationList;
			buildConfigurations = (
				935E3BF71D7E46AC00CDC028 /* Debug */,
				935E3BF81D7E46AC00CDC028 /* Release */,
			);
			defaultConfigurationIsVisible = 0;
			defaultConfigurationName = Release;
		};
		935E3BF91D7E46AC00CDC028 /* Build configuration list for PBXNativeTarget "Agglomerative_Clustering" */ = {
			isa = XCConfigurationList;
			buildConfigurations = (
				935E3BFA1D7E46AC00CDC028 /* Debug */,
				935E3BFB1D7E46AC00CDC028 /* Release */,
			);
			defaultConfigurationIsVisible = 0;
			defaultConfigurationName = Release;
		};
/* End XCConfigurationList section */
	};
	rootObject = 935E3BEA1D7E46AC00CDC028 /* Project object */;
}
